
Microsoft Visual Studio Solution File, Format Version 12.00
# Visual Studio 15
VisualStudioVersion = 15.0.26430.16
MinimumVisualStudioVersion = 10.0.40219.1
Project("{FAE04EC0-301F-11D3-BF4B-00C04F79EFBC}") = "Pickup", "Pickup\Pickup.csproj", "{4DFE98DB-C283-41B1-85AB-D7AA64F373B6}"
EndProject
Project("{FAE04EC0-301F-11D3-BF4B-00C04F79EFBC}") = "Pickup Entity", "Pickup Entity\Pickup Entity.csproj", "{95249B34-CA28-4DF9-8FD5-F75CDAFAF6BB}"
EndProject
Project("{FAE04EC0-301F-11D3-BF4B-00C04F79EFBC}") = "Pickup Service", "Pickup Service\Pickup Service.csproj", "{096C989C-A583-4AED-B590-3C18A0885712}"
EndProject
Project("{FAE04EC0-301F-11D3-BF4B-00C04F79EFBC}") = "Pickup Repository", "Pickup Repository\Pickup Repository.csproj", "{E18CCC7F-D015-4530-8929-FE5A0BEF45B4}"
EndProject
Project("{FAE04EC0-301F-11D3-BF4B-00C04F79EFBC}") = "Pickup API", "Pickup API\Pickup API.csproj", "{67A9664C-BA21-423D-82DF-5F8D86BB9F1F}"
EndProject
Project("{FAE04EC0-301F-11D3-BF4B-00C04F79EFBC}") = "Oracle Repository", "Oracle Repository\Oracle Repository.csproj", "{D6DE283B-F084-490F-B3FE-2081049CD588}"
EndProject
Global
	GlobalSection(SolutionConfigurationPlatforms) = preSolution
		Debug|Any CPU = Debug|Any CPU
		Release|Any CPU = Release|Any CPU
	EndGlobalSection
	GlobalSection(ProjectConfigurationPlatforms) = postSolution
		{4DFE98DB-C283-41B1-85AB-D7AA64F373B6}.Debug|Any CPU.ActiveCfg = Debug|Any CPU
		{4DFE98DB-C283-41B1-85AB-D7AA64F373B6}.Debug|Any CPU.Build.0 = Debug|Any CPU
		{4DFE98DB-C283-41B1-85AB-D7AA64F373B6}.Release|Any CPU.ActiveCfg = Release|Any CPU
		{4DFE98DB-C283-41B1-85AB-D7AA64F373B6}.Release|Any CPU.Build.0 = Release|Any CPU
		{95249B34-CA28-4DF9-8FD5-F75CDAFAF6BB}.Debug|Any CPU.ActiveCfg = Debug|Any CPU
		{95249B34-CA28-4DF9-8FD5-F75CDAFAF6BB}.Debug|Any CPU.Build.0 = Debug|Any CPU
		{95249B34-CA28-4DF9-8FD5-F75CDAFAF6BB}.Release|Any CPU.ActiveCfg = Release|Any CPU
		{95249B34-CA28-4DF9-8FD5-F75CDAFAF6BB}.Release|Any CPU.Build.0 = Release|Any CPU
		{096C989C-A583-4AED-B590-3C18A0885712}.Debug|Any CPU.ActiveCfg = Debug|Any CPU
		{096C989C-A583-4AED-B590-3C18A0885712}.Debug|Any CPU.Build.0 = Debug|Any CPU
		{096C989C-A583-4AED-B590-3C18A0885712}.Release|Any CPU.ActiveCfg = Release|Any CPU
		{096C989C-A583-4AED-B590-3C18A0885712}.Release|Any CPU.Build.0 = Release|Any CPU
		{E18CCC7F-D015-4530-8929-FE5A0BEF45B4}.Debug|Any CPU.ActiveCfg = Debug|Any CPU
		{E18CCC7F-D015-4530-8929-FE5A0BEF45B4}.Debug|Any CPU.Build.0 = Debug|Any CPU
		{E18CCC7F-D015-4530-8929-FE5A0BEF45B4}.Release|Any CPU.ActiveCfg = Release|Any CPU
		{E18CCC7F-D015-4530-8929-FE5A0BEF45B4}.Release|Any CPU.Build.0 = Release|Any CPU
		{67A9664C-BA21-423D-82DF-5F8D86BB9F1F}.Debug|Any CPU.ActiveCfg = Debug|Any CPU
		{67A9664C-BA21-423D-82DF-5F8D86BB9F1F}.Debug|Any CPU.Build.0 = Debug|Any CPU
		{67A9664C-BA21-423D-82DF-5F8D86BB9F1F}.Release|Any CPU.ActiveCfg = Release|Any CPU
		{67A9664C-BA21-423D-82DF-5F8D86BB9F1F}.Release|Any CPU.Build.0 = Release|Any CPU
		{D6DE283B-F084-490F-B3FE-2081049CD588}.Debug|Any CPU.ActiveCfg = Debug|Any CPU
		{D6DE283B-F084-490F-B3FE-2081049CD588}.Debug|Any CPU.Build.0 = Debug|Any CPU
		{D6DE283B-F084-490F-B3FE-2081049CD588}.Release|Any CPU.ActiveCfg = Release|Any CPU
		{D6DE283B-F084-490F-B3FE-2081049CD588}.Release|Any CPU.Build.0 = Release|Any CPU
	EndGlobalSection
	GlobalSection(SolutionProperties) = preSolution
		HideSolutionNode = FALSE
	EndGlobalSection
EndGlobal
